
Microsoft Visual Studio Solution File, Format Version 12.00
# Visual Studio Version 16
VisualStudioVersion = 16.0.30907.101
MinimumVisualStudioVersion = 10.0.40219.1
Project("{9A19103F-16F7-4668-BE54-9A1E7A4F7556}") = "MsgAlert", "MsgAlert\MsgAlert.csproj", "{3923CDD2-2B8D-4C86-AC4F-13ED291E20FB}"
EndProject
Project("{9A19103F-16F7-4668-BE54-9A1E7A4F7556}") = "ComputerInfo", "ComputerInfo\ComputerInfo.csproj", "{B3521E46-BB6C-4853-B2E5-03B43905F951}"
EndProject
Project("{FAE04EC0-301F-11D3-BF4B-00C04F79EFBC}") = "ServerInfo", "ServerInfo\ServerInfo.csproj", "{CEF21E28-5351-45B9-90CC-51F1AD85C005}"
EndProject
Project("{9A19103F-16F7-4668-BE54-9A1E7A4F7556}") = "PortMapper", "PortMapper\PortMapper.csproj", "{942DDEBC-AC55-49C6-A576-D6F03A3ED8FA}"
EndProject
Project("{9A19103F-16F7-4668-BE54-9A1E7A4F7556}") = "Proxy", "Proxy\Proxy.csproj", "{25436A36-7E34-4295-98F1-3191E286D920}"
EndProject
Project("{FAE04EC0-301F-11D3-BF4B-00C04F79EFBC}") = "PdfExportImage", "PdfImage\PdfExportImage.csproj", "{4BCBF614-8D23-402E-8D18-B7353DBD7AD5}"
EndProject
Project("{FAE04EC0-301F-11D3-BF4B-00C04F79EFBC}") = "ImageProcess", "ImageProcess\ImageProcess.csproj", "{A9F76A4F-1512-49DD-8286-C186A9318990}"
EndProject
Project("{FAE04EC0-301F-11D3-BF4B-00C04F79EFBC}") = "QRCode", "QRCode\QRCode.csproj", "{F534815B-6B46-4924-9901-E943E7881D1A}"
EndProject
Global
	GlobalSection(SolutionConfigurationPlatforms) = preSolution
		Debug|Any CPU = Debug|Any CPU
		Release|Any CPU = Release|Any CPU
	EndGlobalSection
	GlobalSection(ProjectConfigurationPlatforms) = postSolution
		{3923CDD2-2B8D-4C86-AC4F-13ED291E20FB}.Debug|Any CPU.ActiveCfg = Debug|Any CPU
		{3923CDD2-2B8D-4C86-AC4F-13ED291E20FB}.Debug|Any CPU.Build.0 = Debug|Any CPU
		{3923CDD2-2B8D-4C86-AC4F-13ED291E20FB}.Release|Any CPU.ActiveCfg = Release|Any CPU
		{3923CDD2-2B8D-4C86-AC4F-13ED291E20FB}.Release|Any CPU.Build.0 = Release|Any CPU
		{B3521E46-BB6C-4853-B2E5-03B43905F951}.Debug|Any CPU.ActiveCfg = Debug|Any CPU
		{B3521E46-BB6C-4853-B2E5-03B43905F951}.Debug|Any CPU.Build.0 = Debug|Any CPU
		{B3521E46-BB6C-4853-B2E5-03B43905F951}.Release|Any CPU.ActiveCfg = Release|Any CPU
		{B3521E46-BB6C-4853-B2E5-03B43905F951}.Release|Any CPU.Build.0 = Release|Any CPU
		{CEF21E28-5351-45B9-90CC-51F1AD85C005}.Debug|Any CPU.ActiveCfg = Debug|Any CPU
		{CEF21E28-5351-45B9-90CC-51F1AD85C005}.Debug|Any CPU.Build.0 = Debug|Any CPU
		{CEF21E28-5351-45B9-90CC-51F1AD85C005}.Release|Any CPU.ActiveCfg = Release|Any CPU
		{CEF21E28-5351-45B9-90CC-51F1AD85C005}.Release|Any CPU.Build.0 = Release|Any CPU
		{942DDEBC-AC55-49C6-A576-D6F03A3ED8FA}.Debug|Any CPU.ActiveCfg = Debug|Any CPU
		{942DDEBC-AC55-49C6-A576-D6F03A3ED8FA}.Debug|Any CPU.Build.0 = Debug|Any CPU
		{942DDEBC-AC55-49C6-A576-D6F03A3ED8FA}.Release|Any CPU.ActiveCfg = Release|Any CPU
		{942DDEBC-AC55-49C6-A576-D6F03A3ED8FA}.Release|Any CPU.Build.0 = Release|Any CPU
		{25436A36-7E34-4295-98F1-3191E286D920}.Debug|Any CPU.ActiveCfg = Debug|Any CPU
		{25436A36-7E34-4295-98F1-3191E286D920}.Debug|Any CPU.Build.0 = Debug|Any CPU
		{25436A36-7E34-4295-98F1-3191E286D920}.Release|Any CPU.ActiveCfg = Release|Any CPU
		{25436A36-7E34-4295-98F1-3191E286D920}.Release|Any CPU.Build.0 = Release|Any CPU
		{4BCBF614-8D23-402E-8D18-B7353DBD7AD5}.Debug|Any CPU.ActiveCfg = Debug|Any CPU
		{4BCBF614-8D23-402E-8D18-B7353DBD7AD5}.Debug|Any CPU.Build.0 = Debug|Any CPU
		{4BCBF614-8D23-402E-8D18-B7353DBD7AD5}.Release|Any CPU.ActiveCfg = Release|Any CPU
		{4BCBF614-8D23-402E-8D18-B7353DBD7AD5}.Release|Any CPU.Build.0 = Release|Any CPU
		{A9F76A4F-1512-49DD-8286-C186A9318990}.Debug|Any CPU.ActiveCfg = Debug|Any CPU
		{A9F76A4F-1512-49DD-8286-C186A9318990}.Debug|Any CPU.Build.0 = Debug|Any CPU
		{A9F76A4F-1512-49DD-8286-C186A9318990}.Release|Any CPU.ActiveCfg = Release|Any CPU
		{A9F76A4F-1512-49DD-8286-C186A9318990}.Release|Any CPU.Build.0 = Release|Any CPU
		{F534815B-6B46-4924-9901-E943E7881D1A}.Debug|Any CPU.ActiveCfg = Debug|Any CPU
		{F534815B-6B46-4924-9901-E943E7881D1A}.Debug|Any CPU.Build.0 = Debug|Any CPU
		{F534815B-6B46-4924-9901-E943E7881D1A}.Release|Any CPU.ActiveCfg = Release|Any CPU
		{F534815B-6B46-4924-9901-E943E7881D1A}.Release|Any CPU.Build.0 = Release|Any CPU
	EndGlobalSection
	GlobalSection(SolutionProperties) = preSolution
		HideSolutionNode = FALSE
	EndGlobalSection
	GlobalSection(ExtensibilityGlobals) = postSolution
		SolutionGuid = {930BD346-33BD-4782-8FF4-6046573C7D6E}
	EndGlobalSection
EndGlobal
